
Microsoft Visual Studio Solution File, Format Version 12.00
# Visual Studio Version 17
VisualStudioVersion = 17.5.002.0
MinimumVisualStudioVersion = 10.0.40219.1
Project("{9A19103F-16F7-4668-BE54-9A1E7A4F7556}") = "IsportProject", "IsportProject.csproj", "{D122C13A-C20A-4F46-AFEF-A9F5850EFF6F}"
EndProject
Global
	GlobalSection(SolutionConfigurationPlatforms) = preSolution
		Debug|Any CPU = Debug|Any CPU
		Release|Any CPU = Release|Any CPU
	EndGlobalSection
	GlobalSection(ProjectConfigurationPlatforms) = postSolution
		{D122C13A-C20A-4F46-AFEF-A9F5850EFF6F}.Debug|Any CPU.ActiveCfg = Debug|Any CPU
		{D122C13A-C20A-4F46-AFEF-A9F5850EFF6F}.Debug|Any CPU.Build.0 = Debug|Any CPU
		{D122C13A-C20A-4F46-AFEF-A9F5850EFF6F}.Release|Any CPU.ActiveCfg = Release|Any CPU
		{D122C13A-C20A-4F46-AFEF-A9F5850EFF6F}.Release|Any CPU.Build.0 = Release|Any CPU
	EndGlobalSection
	GlobalSection(SolutionProperties) = preSolution
		HideSolutionNode = FALSE
	EndGlobalSection
	GlobalSection(ExtensibilityGlobals) = postSolution
		SolutionGuid = {10FDAD1D-CCCB-496E-A869-5F47C1F48E05}
	EndGlobalSection
EndGlobal
